// !$*UTF8*$!
{
	archiveVersion = 1;
	classes = {
	};
	objectVersion = 56;
	objects = {

/* Begin PBXBuildFile section */
		A3E0AFAD2B719455006D9B5C /* PasscodeComponentApp.swift in Sources */ = {isa = PBXBuildFile; fileRef = A3E0AFAC2B719455006D9B5C /* PasscodeComponentApp.swift */; };
		A3E0AFAF2B719455006D9B5C /* ContentView.swift in Sources */ = {isa = PBXBuildFile; fileRef = A3E0AFAE2B719455006D9B5C /* ContentView.swift */; };
		A3E0AFB12B719455006D9B5C /* Assets.xcassets in Resources */ = {isa = PBXBuildFile; fileRef = A3E0AFB02B719455006D9B5C /* Assets.xcassets */; };
		A3E0AFB42B719455006D9B5C /* Preview Assets.xcassets in Resources */ = {isa = PBXBuildFile; fileRef = A3E0AFB32B719455006D9B5C /* Preview Assets.xcassets */; };
		A3E0AFC42B7194E4006D9B5C /* PasscodeView.swift in Sources */ = {isa = PBXBuildFile; fileRef = A3E0AFC32B7194E4006D9B5C /* PasscodeView.swift */; };
		A3E0AFC62B7194EF006D9B5C /* PasscodeIndicatorView.swift in Sources */ = {isa = PBXBuildFile; fileRef = A3E0AFC52B7194EF006D9B5C /* PasscodeIndicatorView.swift */; };
		A3E0AFC82B7194F8006D9B5C /* NumberPadView.swift in Sources */ = {isa = PBXBuildFile; fileRef = A3E0AFC72B7194F8006D9B5C /* NumberPadView.swift */; };
/* End PBXBuildFile section */

/* Begin PBXFileReference section */
		A3E0AFA92B719455006D9B5C /* PasscodeComponent.app */ = {isa = PBXFileReference; explicitFileType = wrapper.application; includeInIndex = 0; path = PasscodeComponent.app; sourceTree = BUILT_PRODUCTS_DIR; };
		A3E0AFAC2B719455006D9B5C /* PasscodeComponentApp.swift */ = {isa = PBXFileReference; lastKnownFileType = sourcecode.swift; path = PasscodeComponentApp.swift; sourceTree = "<group>"; };
		A3E0AFAE2B719455006D9B5C /* ContentView.swift */ = {isa = PBXFileReference; lastKnownFileType = sourcecode.swift; path = ContentView.swift; sourceTree = "<group>"; };
		A3E0AFB02B719455006D9B5C /* Assets.xcassets */ = {isa = PBXFileReference; lastKnownFileType = folder.assetcatalog; path = Assets.xcassets; sourceTree = "<group>"; };
		A3E0AFB32B719455006D9B5C /* Preview Assets.xcassets */ = {isa = PBXFileReference; lastKnownFileType = folder.assetcatalog; path = "Preview Assets.xcassets"; sourceTree = "<group>"; };
		A3E0AFC32B7194E4006D9B5C /* PasscodeView.swift */ = {isa = PBXFileReference; lastKnownFileType = sourcecode.swift; path = PasscodeView.swift; sourceTree = "<group>"; };
		A3E0AFC52B7194EF006D9B5C /* PasscodeIndicatorView.swift */ = {isa = PBXFileReference; lastKnownFileType = sourcecode.swift; path = PasscodeIndicatorView.swift; sourceTree = "<group>"; };
		A3E0AFC72B7194F8006D9B5C /* NumberPadView.swift */ = {isa = PBXFileReference; lastKnownFileType = sourcecode.swift; path = NumberPadView.swift; sourceTree = "<group>"; };
/* End PBXFileReference section */

/* Begin PBXFrameworksBuildPhase section */
		A3E0AFA62B719455006D9B5C /* Frameworks */ = {
			isa = PBXFrameworksBuildPhase;
			buildActionMask = 2147483647;
			files = (
			);
			runOnlyForDeploymentPostprocessing = 0;
		};
/* End PBXFrameworksBuildPhase section */

/* Begin PBXGroup section */
		A3E0AFA02B719455006D9B5C = {
			isa = PBXGroup;
			children = (
				A3E0AFAB2B719455006D9B5C /* PasscodeComponent */,
				A3E0AFAA2B719455006D9B5C /* Products */,
			);
			sourceTree = "<group>";
		};
		A3E0AFAA2B719455006D9B5C /* Products */ = {
			isa = PBXGroup;
			children = (
				A3E0AFA92B719455006D9B5C /* PasscodeComponent.app */,
			);
			name = Products;
			sourceTree = "<group>";
		};
		A3E0AFAB2B719455006D9B5C /* PasscodeComponent */ = {
			isa = PBXGroup;
			children = (
				A3E0AFAC2B719455006D9B5C /* PasscodeComponentApp.swift */,
				A3E0AFAE2B719455006D9B5C /* ContentView.swift */,
				A3E0AFB02B719455006D9B5C /* Assets.xcassets */,
				A3E0AFB22B719455006D9B5C /* Preview Content */,
				A3E0AFC92B71950E006D9B5C /* Views */,
			);
			path = PasscodeComponent;
			sourceTree = "<group>";
		};
		A3E0AFB22B719455006D9B5C /* Preview Content */ = {
			isa = PBXGroup;
			children = (
				A3E0AFB32B719455006D9B5C /* Preview Assets.xcassets */,
			);
			path = "Preview Content";
			sourceTree = "<group>";
		};
		A3E0AFC92B71950E006D9B5C /* Views */ = {
			isa = PBXGroup;
			children = (
				A3E0AFC72B7194F8006D9B5C /* NumberPadView.swift */,
				A3E0AFC52B7194EF006D9B5C /* PasscodeIndicatorView.swift */,
				A3E0AFC32B7194E4006D9B5C /* PasscodeView.swift */,
			);
			path = Views;
			sourceTree = "<group>";
		};
/* End PBXGroup section */

/* Begin PBXNativeTarget section */
		A3E0AFA82B719455006D9B5C /* PasscodeComponent */ = {
			isa = PBXNativeTarget;
			buildConfigurationList = A3E0AFB72B719455006D9B5C /* Build configuration list for PBXNativeTarget "PasscodeComponent" */;
			buildPhases = (
				A3E0AFA52B719455006D9B5C /* Sources */,
				A3E0AFA62B719455006D9B5C /* Frameworks */,
				A3E0AFA72B719455006D9B5C /* Resources */,
			);
			buildRules = (
			);
			dependencies = (
			);
			name = PasscodeComponent;
			productName = PasscodeComponent;
			productReference = A3E0AFA92B719455006D9B5C /* PasscodeComponent.app */;
			productType = "com.apple.product-type.application";
		};
/* End PBXNativeTarget section */

/* Begin PBXProject section */
		A3E0AFA12B719455006D9B5C /* Project object */ = {
			isa = PBXProject;
			attributes = {
				BuildIndependentTargetsInParallel = 1;
				LastSwiftUpdateCheck = 1520;
				LastUpgradeCheck = 1520;
				TargetAttributes = {
					A3E0AFA82B719455006D9B5C = {
						CreatedOnToolsVersion = 15.2;
					};
				};
			};
			buildConfigurationList = A3E0AFA42B719455006D9B5C /* Build configuration list for PBXProject "PasscodeComponent" */;
			compatibilityVersion = "Xcode 14.0";
			developmentRegion = en;
			hasScannedForEncodings = 0;
			knownRegions = (
				en,
				Base,
			);
			mainGroup = A3E0AFA02B719455006D9B5C;
			productRefGroup = A3E0AFAA2B719455006D9B5C /* Products */;
			projectDirPath = "";
			projectRoot = "";
			targets = (
				A3E0AFA82B719455006D9B5C /* PasscodeComponent */,
			);
		};
/* End PBXProject section */

/* Begin PBXResourcesBuildPhase section */
		A3E0AFA72B719455006D9B5C /* Resources */ = {
			isa = PBXResourcesBuildPhase;
			buildActionMask = 2147483647;
			files = (
				A3E0AFB42B719455006D9B5C /* Preview Assets.xcassets in Resources */,
				A3E0AFB12B719455006D9B5C /* Assets.xcassets in Resources */,
			);
			runOnlyForDeploymentPostprocessing = 0;
		};
/* End PBXResourcesBuildPhase section */

/* Begin PBXSourcesBuildPhase section */
		A3E0AFA52B719455006D9B5C /* Sources */ = {
			isa = PBXSourcesBuildPhase;
			buildActionMask = 2147483647;
			files = (
				A3E0AFC82B7194F8006D9B5C /* NumberPadView.swift in Sources */,
				A3E0AFAF2B719455006D9B5C /* ContentView.swift in Sources */,
				A3E0AFC62B7194EF006D9B5C /* PasscodeIndicatorView.swift in Sources */,
				A3E0AFC42B7194E4006D9B5C /* PasscodeView.swift in Sources */,
				A3E0AFAD2B719455006D9B5C /* PasscodeComponentApp.swift in Sources */,
			);
			runOnlyForDeploymentPostprocessing = 0;
		};
/* End PBXSourcesBuildPhase section */

/* Begin XCBuildConfiguration section */
		A3E0AFB52B719455006D9B5C /* Debug */ = {
			isa = XCBuildConfiguration;
			buildSettings = {
				ALWAYS_SEARCH_USER_PATHS = NO;
				ASSETCATALOG_COMPILER_GENERATE_SWIFT_ASSET_SYMBOL_EXTENSIONS = YES;
				CLANG_ANALYZER_NONNULL = YES;
				CLANG_ANALYZER_NUMBER_OBJECT_CONVERSION = YES_AGGRESSIVE;
				CLANG_CXX_LANGUAGE_STANDARD = "gnu++20";
				CLANG_ENABLE_MODULES = YES;
				CLANG_ENABLE_OBJC_ARC = YES;
				CLANG_ENABLE_OBJC_WEAK = YES;
				CLANG_WARN_BLOCK_CAPTURE_AUTORELEASING = YES;
				CLANG_WARN_BOOL_CONVERSION = YES;
				CLANG_WARN_COMMA = YES;
				CLANG_WARN_CONSTANT_CONVERSION = YES;
				CLANG_WARN_DEPRECATED_OBJC_IMPLEMENTATIONS = YES;
				CLANG_WARN_DIRECT_OBJC_ISA_USAGE = YES_ERROR;
				CLANG_WARN_DOCUMENTATION_COMMENTS = YES;
				CLANG_WARN_EMPTY_BODY = YES;
				CLANG_WARN_ENUM_CONVERSION = YES;
				CLANG_WARN_INFINITE_RECURSION = YES;
				CLANG_WARN_INT_CONVERSION = YES;
				CLANG_WARN_NON_LITERAL_NULL_CONVERSION = YES;
				CLANG_WARN_OBJC_IMPLICIT_RETAIN_SELF = YES;
				CLANG_WARN_OBJC_LITERAL_CONVERSION = YES;
				CLANG_WARN_OBJC_ROOT_CLASS = YES_ERROR;
				CLANG_WARN_QUOTED_INCLUDE_IN_FRAMEWORK_HEADER = YES;
				CLANG_WARN_RANGE_LOOP_ANALYSIS = YES;
				CLANG_WARN_STRICT_PROTOTYPES = YES;
				CLANG_WARN_SUSPICIOUS_MOVE = YES;
				CLANG_WARN_UNGUARDED_AVAILABILITY = YES_AGGRESSIVE;
				CLANG_WARN_UNREACHABLE_CODE = YES;
				CLANG_WARN__DUPLICATE_METHOD_MATCH = YES;
				COPY_PHASE_STRIP = NO;
				DEBUG_INFORMATION_FORMAT = dwarf;
				ENABLE_STRICT_OBJC_MSGSEND = YES;
				ENABLE_TESTABILITY = YES;
				ENABLE_USER_SCRIPT_SANDBOXING = YES;
				GCC_C_LANGUAGE_STANDARD = gnu17;
				GCC_DYNAMIC_NO_PIC = NO;
				GCC_NO_COMMON_BLOCKS = YES;
				GCC_OPTIMIZATION_LEVEL = 0;
				GCC_PREPROCESSOR_DEFINITIONS = (
					"DEBUG=1",
					"$(inherited)",
				);
				GCC_WARN_64_TO_32_BIT_CONVERSION = YES;
				GCC_WARN_ABOUT_RETURN_TYPE = YES_ERROR;
				GCC_WARN_UNDECLARED_SELECTOR = YES;
				GCC_WARN_UNINITIALIZED_AUTOS = YES_AGGRESSIVE;
				GCC_WARN_UNUSED_FUNCTION = YES;
				GCC_WARN_UNUSED_VARIABLE = YES;
				IPHONEOS_DEPLOYMENT_TARGET = 17.2;
				LOCALIZATION_PREFERS_STRING_CATALOGS = YES;
				MTL_ENABLE_DEBUG_INFO = INCLUDE_SOURCE;
				MTL_FAST_MATH = YES;
				ONLY_ACTIVE_ARCH = YES;
				SDKROOT = iphoneos;
				SWIFT_ACTIVE_COMPILATION_CONDITIONS = "DEBUG $(inherited)";
				SWIFT_OPTIMIZATION_LEVEL = "-Onone";
			};
			name = Debug;
		};
		A3E0AFB62B719455006D9B5C /* Release */ = {
			isa = XCBuildConfiguration;
			buildSettings = {
				ALWAYS_SEARCH_USER_PATHS = NO;
				ASSETCATALOG_COMPILER_GENERATE_SWIFT_ASSET_SYMBOL_EXTENSIONS = YES;
				CLANG_ANALYZER_NONNULL = YES;
				CLANG_ANALYZER_NUMBER_OBJECT_CONVERSION = YES_AGGRESSIVE;
				CLANG_CXX_LANGUAGE_STANDARD = "gnu++20";
				CLANG_ENABLE_MODULES = YES;
				CLANG_ENABLE_OBJC_ARC = YES;
				CLANG_ENABLE_OBJC_WEAK = YES;
				CLANG_WARN_BLOCK_CAPTURE_AUTORELEASING = YES;
				CLANG_WARN_BOOL_CONVERSION = YES;
				CLANG_WARN_COMMA = YES;
				CLANG_WARN_CONSTANT_CONVERSION = YES;
				CLANG_WARN_DEPRECATED_OBJC_IMPLEMENTATIONS = YES;
				CLANG_WARN_DIRECT_OBJC_ISA_USAGE = YES_ERROR;
				CLANG_WARN_DOCUMENTATION_COMMENTS = YES;
				CLANG_WARN_EMPTY_BODY = YES;
				CLANG_WARN_ENUM_CONVERSION = YES;
				CLANG_WARN_INFINITE_RECURSION = YES;
				CLANG_WARN_INT_CONVERSION = YES;
				CLANG_WARN_NON_LITERAL_NULL_CONVERSION = YES;
				CLANG_WARN_OBJC_IMPLICIT_RETAIN_SELF = YES;
				CLANG_WARN_OBJC_LITERAL_CONVERSION = YES;
				CLANG_WARN_OBJC_ROOT_CLASS = YES_ERROR;
				CLANG_WARN_QUOTED_INCLUDE_IN_FRAMEWORK_HEADER = YES;
				CLANG_WARN_RANGE_LOOP_ANALYSIS = YES;
				CLANG_WARN_STRICT_PROTOTYPES = YES;
				CLANG_WARN_SUSPICIOUS_MOVE = YES;
				CLANG_WARN_UNGUARDED_AVAILABILITY = YES_AGGRESSIVE;
				CLANG_WARN_UNREACHABLE_CODE = YES;
				CLANG_WARN__DUPLICATE_METHOD_MATCH = YES;
				COPY_PHASE_STRIP = NO;
				DEBUG_INFORMATION_FORMAT = "dwarf-with-dsym";
				ENABLE_NS_ASSERTIONS = NO;
				ENABLE_STRICT_OBJC_MSGSEND = YES;
				ENABLE_USER_SCRIPT_SANDBOXING = YES;
				GCC_C_LANGUAGE_STANDARD = gnu17;
				GCC_NO_COMMON_BLOCKS = YES;
				GCC_WARN_64_TO_32_BIT_CONVERSION = YES;
				GCC_WARN_ABOUT_RETURN_TYPE = YES_ERROR;
				GCC_WARN_UNDECLARED_SELECTOR = YES;
				GCC_WARN_UNINITIALIZED_AUTOS = YES_AGGRESSIVE;
				GCC_WARN_UNUSED_FUNCTION = YES;
				GCC_WARN_UNUSED_VARIABLE = YES;
				IPHONEOS_DEPLOYMENT_TARGET = 17.2;
				LOCALIZATION_PREFERS_STRING_CATALOGS = YES;
				MTL_ENABLE_DEBUG_INFO = NO;
				MTL_FAST_MATH = YES;
				SDKROOT = iphoneos;
				SWIFT_COMPILATION_MODE = wholemodule;
				VALIDATE_PRODUCT = YES;
			};
			name = Release;
		};
		A3E0AFB82B719455006D9B5C /* Debug */ = {
			isa = XCBuildConfiguration;
			buildSettings = {
				ASSETCATALOG_COMPILER_APPICON_NAME = AppIcon;
				ASSETCATALOG_COMPILER_GLOBAL_ACCENT_COLOR_NAME = AccentColor;
				CODE_SIGN_STYLE = Automatic;
				CURRENT_PROJECT_VERSION = 1;
				DEVELOPMENT_ASSET_PATHS = "\"PasscodeComponent/Preview Content\"";
				DEVELOPMENT_TEAM = NF5X2BH93G;
				ENABLE_PREVIEWS = YES;
				GENERATE_INFOPLIST_FILE = YES;
				INFOPLIST_KEY_UIApplicationSceneManifest_Generation = YES;
				INFOPLIST_KEY_UIApplicationSupportsIndirectInputEvents = YES;
				INFOPLIST_KEY_UILaunchScreen_Generation = YES;
				INFOPLIST_KEY_UISupportedInterfaceOrientations_iPad = "UIInterfaceOrientationPortrait UIInterfaceOrientationPortraitUpsideDown UIInterfaceOrientationLandscapeLeft UIInterfaceOrientationLandscapeRight";
				INFOPLIST_KEY_UISupportedInterfaceOrientations_iPhone = "UIInterfaceOrientationPortrait UIInterfaceOrientationLandscapeLeft UIInterfaceOrientationLandscapeRight";
				LD_RUNPATH_SEARCH_PATHS = (
					"$(inherited)",
					"@executable_path/Frameworks",
				);
				MARKETING_VERSION = 1.0;
				PRODUCT_BUNDLE_IDENTIFIER = ru.yanmoroz.PasscodeComponent;
				PRODUCT_NAME = "$(TARGET_NAME)";
				SWIFT_EMIT_LOC_STRINGS = YES;
				SWIFT_VERSION = 5.0;
				TARGETED_DEVICE_FAMILY = "1,2";
			};
			name = Debug;
		};
		A3E0AFB92B719455006D9B5C /* Release */ = {
			isa = XCBuildConfiguration;
			buildSettings = {
				ASSETCATALOG_COMPILER_APPICON_NAME = AppIcon;
				ASSETCATALOG_COMPILER_GLOBAL_ACCENT_COLOR_NAME = AccentColor;
				CODE_SIGN_STYLE = Automatic;
				CURRENT_PROJECT_VERSION = 1;
				DEVELOPMENT_ASSET_PATHS = "\"PasscodeComponent/Preview Content\"";
				DEVELOPMENT_TEAM = NF5X2BH93G;
				ENABLE_PREVIEWS = YES;
				GENERATE_INFOPLIST_FILE = YES;
				INFOPLIST_KEY_UIApplicationSceneManifest_Generation = YES;
				INFOPLIST_KEY_UIApplicationSupportsIndirectInputEvents = YES;
				INFOPLIST_KEY_UILaunchScreen_Generation = YES;
				INFOPLIST_KEY_UISupportedInterfaceOrientations_iPad = "UIInterfaceOrientationPortrait UIInterfaceOrientationPortraitUpsideDown UIInterfaceOrientationLandscapeLeft UIInterfaceOrientationLandscapeRight";
				INFOPLIST_KEY_UISupportedInterfaceOrientations_iPhone = "UIInterfaceOrientationPortrait UIInterfaceOrientationLandscapeLeft UIInterfaceOrientationLandscapeRight";
				LD_RUNPATH_SEARCH_PATHS = (
					"$(inherited)",
					"@executable_path/Frameworks",
				);
				MARKETING_VERSION = 1.0;
				PRODUCT_BUNDLE_IDENTIFIER = ru.yanmoroz.PasscodeComponent;
				PRODUCT_NAME = "$(TARGET_NAME)";
				SWIFT_EMIT_LOC_STRINGS = YES;
				SWIFT_VERSION = 5.0;
				TARGETED_DEVICE_FAMILY = "1,2";
			};
			name = Release;
		};
/* End XCBuildConfiguration section */

/* Begin XCConfigurationList section */
		A3E0AFA42B719455006D9B5C /* Build configuration list for PBXProject "PasscodeComponent" */ = {
			isa = XCConfigurationList;
			buildConfigurations = (
				A3E0AFB52B719455006D9B5C /* Debug */,
				A3E0AFB62B719455006D9B5C /* Release */,
			);
			defaultConfigurationIsVisible = 0;
			defaultConfigurationName = Release;
		};
		A3E0AFB72B719455006D9B5C /* Build configuration list for PBXNativeTarget "PasscodeComponent" */ = {
			isa = XCConfigurationList;
			buildConfigurations = (
				A3E0AFB82B719455006D9B5C /* Debug */,
				A3E0AFB92B719455006D9B5C /* Release */,
			);
			defaultConfigurationIsVisible = 0;
			defaultConfigurationName = Release;
		};
/* End XCConfigurationList section */
	};
	rootObject = A3E0AFA12B719455006D9B5C /* Project object */;
}
